{
  "originHash" : "a26178746b0a7536ca5a5b889aa518e6a263ffe50e883f068b213362c802cb1c",
  "pins" : [
    {
      "identity" : "acc-kit",
      "kind" : "remoteSourceControl",
      "location" : "https://github.com/outof-place/acc-kit",
      "state" : {
        "revision" : "e290571ca84920c05f8de850df31f0f1a506ea53",
        "version" : "0.8.3"
      }
    }
  ],
  "version" : 3
}
