{
  "originHash" : "f009ccdfe126c832cf77b62b265bab4eb88c3ae523d3175172946effa0dd4732",
  "pins" : [
    {
      "identity" : "acc-kit",
      "kind" : "remoteSourceControl",
      "location" : "https://github.com/outof-place/acc-kit",
      "state" : {
        "revision" : "128824f013167bbf1255b0a358abb140d8e57b25",
        "version" : "0.8.4"
      }
    }
  ],
  "version" : 3
}
